# This file is autogenerated, do not edit; changes may be undone by the next 'dep ensure'.


[[projects]]
  digest = "1:695dbbcfe13b9c49619e1b31c27e2e3575b233d5d01924271ec4a20d9d0801c7"
  name = "github.com/ByteArena/box2d"
  packages = ["."]
  pruneopts = "UT"
  revision = "05f3eabc3755dd654f11a368cec066e0a3a0c3a8"
  version = "v1.0.2"

[[projects]]
  digest = "1:0028cb19b2e4c3112225cd871870f2d9cf49b9b4276531f03438a88e94be86fe"
  name = "github.com/pmezard/go-difflib"
  packages = ["difflib"]
  pruneopts = "UT"
  revision = "792786c7400a136282c1664665ae0a8db921c6c2"
  version = "v1.0.0"

[solve-meta]
  analyzer-name = "dep"
  analyzer-version = 1
  input-imports = [
    "github.com/ByteArena/box2d",
    "github.com/pmezard/go-difflib/difflib",
  ]
  solver-name = "gps-cdcl"
  solver-version = 1
